<Solution>
  <Project Path="src/TypstInterop/TypstInterop.csproj" />
  <Project Path="src/TypstInterop.Benchmarks/TypstInterop.Benchmarks.csproj" />
  <Project Path="src/TypstInterop.Runtime/TypstInterop.Runtime.csproj" />
  <Project Path="src/TypstInterop.Tests/TypstInterop.Tests.csproj" />
</Solution>
